
Microsoft Visual Studio Solution File, Format Version 12.00
# Visual Studio Version 16
VisualStudioVersion = 16.0.31213.239
MinimumVisualStudioVersion = 10.0.40219.1
Project("{FAE04EC0-301F-11D3-BF4B-00C04F79EFBC}") = "FlowDocumentReader", "FlowDocumentReader\FlowDocumentReader.csproj", "{EB46F28C-40CD-487B-B59E-F3158A002E41}"
EndProject
Global
	GlobalSection(SolutionConfigurationPlatforms) = preSolution
		Debug|Any CPU = Debug|Any CPU
		Release|Any CPU = Release|Any CPU
	EndGlobalSection
	GlobalSection(ProjectConfigurationPlatforms) = postSolution
		{EB46F28C-40CD-487B-B59E-F3158A002E41}.Debug|Any CPU.ActiveCfg = Debug|Any CPU
		{EB46F28C-40CD-487B-B59E-F3158A002E41}.Debug|Any CPU.Build.0 = Debug|Any CPU
		{EB46F28C-40CD-487B-B59E-F3158A002E41}.Release|Any CPU.ActiveCfg = Release|Any CPU
		{EB46F28C-40CD-487B-B59E-F3158A002E41}.Release|Any CPU.Build.0 = Release|Any CPU
	EndGlobalSection
	GlobalSection(SolutionProperties) = preSolution
		HideSolutionNode = FALSE
	EndGlobalSection
	GlobalSection(ExtensibilityGlobals) = postSolution
		SolutionGuid = {DFE52B50-C6BE-46BE-9E05-483929E83B20}
	EndGlobalSection
EndGlobal
