
Microsoft Visual Studio Solution File, Format Version 12.00
# Visual Studio Version 16
VisualStudioVersion = 16.0.31213.239
MinimumVisualStudioVersion = 10.0.40219.1
Project("{FAE04EC0-301F-11D3-BF4B-00C04F79EFBC}") = "HelloWPFSample", "HelloWPFSample\HelloWPFSample.csproj", "{36E86ED9-E911-4731-A630-CF84547933AB}"
EndProject
Global
	GlobalSection(SolutionConfigurationPlatforms) = preSolution
		Debug|Any CPU = Debug|Any CPU
		Release|Any CPU = Release|Any CPU
	EndGlobalSection
	GlobalSection(ProjectConfigurationPlatforms) = postSolution
		{36E86ED9-E911-4731-A630-CF84547933AB}.Debug|Any CPU.ActiveCfg = Debug|Any CPU
		{36E86ED9-E911-4731-A630-CF84547933AB}.Debug|Any CPU.Build.0 = Debug|Any CPU
		{36E86ED9-E911-4731-A630-CF84547933AB}.Release|Any CPU.ActiveCfg = Release|Any CPU
		{36E86ED9-E911-4731-A630-CF84547933AB}.Release|Any CPU.Build.0 = Release|Any CPU
	EndGlobalSection
	GlobalSection(SolutionProperties) = preSolution
		HideSolutionNode = FALSE
	EndGlobalSection
	GlobalSection(ExtensibilityGlobals) = postSolution
		SolutionGuid = {796DE55F-1487-4D43-BD54-1F1EF33BD174}
	EndGlobalSection
EndGlobal
